
Microsoft Visual Studio Solution File, Format Version 12.00
# Visual Studio Version 17
VisualStudioVersion = 17.14.36930.0 d17.14
MinimumVisualStudioVersion = 10.0.40219.1
Project("{FAE04EC0-301F-11D3-BF4B-00C04F79EFBC}") = "BlazorServerApp", "BlazorServerApp\BlazorServerApp.csproj", "{776E501F-4579-48F3-AB13-1A85A2345D73}"
EndProject
Global
	GlobalSection(SolutionConfigurationPlatforms) = preSolution
		Debug|Any CPU = Debug|Any CPU
		Release|Any CPU = Release|Any CPU
	EndGlobalSection
	GlobalSection(ProjectConfigurationPlatforms) = postSolution
		{776E501F-4579-48F3-AB13-1A85A2345D73}.Debug|Any CPU.ActiveCfg = Debug|Any CPU
		{776E501F-4579-48F3-AB13-1A85A2345D73}.Debug|Any CPU.Build.0 = Debug|Any CPU
		{776E501F-4579-48F3-AB13-1A85A2345D73}.Release|Any CPU.ActiveCfg = Release|Any CPU
		{776E501F-4579-48F3-AB13-1A85A2345D73}.Release|Any CPU.Build.0 = Release|Any CPU
	EndGlobalSection
	GlobalSection(SolutionProperties) = preSolution
		HideSolutionNode = FALSE
	EndGlobalSection
	GlobalSection(ExtensibilityGlobals) = postSolution
		SolutionGuid = {5DBFBA68-2E37-42E7-8687-FDAD296D6FC5}
	EndGlobalSection
EndGlobal
