
Microsoft Visual Studio Solution File, Format Version 12.00
# Visual Studio Version 17
VisualStudioVersion = 17.14.36915.13 d17.14
MinimumVisualStudioVersion = 10.0.40219.1
Project("{FAE04EC0-301F-11D3-BF4B-00C04F79EFBC}") = "ImageApp", "ImageApp\ImageApp.csproj", "{FBB545E0-3A1B-4A35-87BF-6FC95B30B163}"
EndProject
Global
	GlobalSection(SolutionConfigurationPlatforms) = preSolution
		Debug|Any CPU = Debug|Any CPU
		Release|Any CPU = Release|Any CPU
	EndGlobalSection
	GlobalSection(ProjectConfigurationPlatforms) = postSolution
		{FBB545E0-3A1B-4A35-87BF-6FC95B30B163}.Debug|Any CPU.ActiveCfg = Debug|Any CPU
		{FBB545E0-3A1B-4A35-87BF-6FC95B30B163}.Debug|Any CPU.Build.0 = Debug|Any CPU
		{FBB545E0-3A1B-4A35-87BF-6FC95B30B163}.Release|Any CPU.ActiveCfg = Release|Any CPU
		{FBB545E0-3A1B-4A35-87BF-6FC95B30B163}.Release|Any CPU.Build.0 = Release|Any CPU
	EndGlobalSection
	GlobalSection(SolutionProperties) = preSolution
		HideSolutionNode = FALSE
	EndGlobalSection
	GlobalSection(ExtensibilityGlobals) = postSolution
		SolutionGuid = {A60B0C47-DBAD-4925-9F97-55163D6B8C24}
	EndGlobalSection
EndGlobal
