
Microsoft Visual Studio Solution File, Format Version 12.00
# Visual Studio Version 17
VisualStudioVersion = 17.14.36908.2 d17.14
MinimumVisualStudioVersion = 10.0.40219.1
Project("{FAE04EC0-301F-11D3-BF4B-00C04F79EFBC}") = "WebApplicationValidations", "WebApplicationValidations\WebApplicationValidations.csproj", "{F800FFC2-F57F-4686-A11B-873FBC1973F8}"
EndProject
Global
	GlobalSection(SolutionConfigurationPlatforms) = preSolution
		Debug|Any CPU = Debug|Any CPU
		Release|Any CPU = Release|Any CPU
	EndGlobalSection
	GlobalSection(ProjectConfigurationPlatforms) = postSolution
		{F800FFC2-F57F-4686-A11B-873FBC1973F8}.Debug|Any CPU.ActiveCfg = Debug|Any CPU
		{F800FFC2-F57F-4686-A11B-873FBC1973F8}.Debug|Any CPU.Build.0 = Debug|Any CPU
		{F800FFC2-F57F-4686-A11B-873FBC1973F8}.Release|Any CPU.ActiveCfg = Release|Any CPU
		{F800FFC2-F57F-4686-A11B-873FBC1973F8}.Release|Any CPU.Build.0 = Release|Any CPU
	EndGlobalSection
	GlobalSection(SolutionProperties) = preSolution
		HideSolutionNode = FALSE
	EndGlobalSection
	GlobalSection(ExtensibilityGlobals) = postSolution
		SolutionGuid = {C71CED5A-5541-478D-B7A0-B4B3830933B6}
	EndGlobalSection
EndGlobal
