
Microsoft Visual Studio Solution File, Format Version 12.00
# Visual Studio Version 17
VisualStudioVersion = 17.14.36908.2 d17.14
MinimumVisualStudioVersion = 10.0.40219.1
Project("{FAE04EC0-301F-11D3-BF4B-00C04F79EFBC}") = "WebAPI", "WebAPI\WebAPI.csproj", "{B1289DDB-AE9E-4A35-A174-3003E20032E6}"
EndProject
Global
	GlobalSection(SolutionConfigurationPlatforms) = preSolution
		Debug|Any CPU = Debug|Any CPU
		Release|Any CPU = Release|Any CPU
	EndGlobalSection
	GlobalSection(ProjectConfigurationPlatforms) = postSolution
		{B1289DDB-AE9E-4A35-A174-3003E20032E6}.Debug|Any CPU.ActiveCfg = Debug|Any CPU
		{B1289DDB-AE9E-4A35-A174-3003E20032E6}.Debug|Any CPU.Build.0 = Debug|Any CPU
		{B1289DDB-AE9E-4A35-A174-3003E20032E6}.Release|Any CPU.ActiveCfg = Release|Any CPU
		{B1289DDB-AE9E-4A35-A174-3003E20032E6}.Release|Any CPU.Build.0 = Release|Any CPU
	EndGlobalSection
	GlobalSection(SolutionProperties) = preSolution
		HideSolutionNode = FALSE
	EndGlobalSection
	GlobalSection(ExtensibilityGlobals) = postSolution
		SolutionGuid = {97607BA7-5299-495A-BC31-16091E25CB16}
	EndGlobalSection
EndGlobal
